// !$*UTF8*$!
{
	archiveVersion = 1;
	classes = {
	};
	objectVersion = 46;
	objects = {

/* Begin PBXBuildFile section */
		35A22A661B4D42C300C7DD0D /* AppDelegate.swift in Sources */ = {isa = PBXBuildFile; fileRef = 35A22A651B4D42C300C7DD0D /* AppDelegate.swift */; };
		35A22A691B4D42C300C7DD0D /* Places_of_Interest.xcdatamodeld in Sources */ = {isa = PBXBuildFile; fileRef = 35A22A671B4D42C300C7DD0D /* Places_of_Interest.xcdatamodeld */; };
		35A22A6B1B4D42C300C7DD0D /* ViewController.swift in Sources */ = {isa = PBXBuildFile; fileRef = 35A22A6A1B4D42C300C7DD0D /* ViewController.swift */; };
		35A22A6E1B4D42C300C7DD0D /* Main.storyboard in Resources */ = {isa = PBXBuildFile; fileRef = 35A22A6C1B4D42C300C7DD0D /* Main.storyboard */; };
		35A22A701B4D42C300C7DD0D /* Images.xcassets in Resources */ = {isa = PBXBuildFile; fileRef = 35A22A6F1B4D42C300C7DD0D /* Images.xcassets */; };
		35A22A731B4D42C300C7DD0D /* LaunchScreen.xib in Resources */ = {isa = PBXBuildFile; fileRef = 35A22A711B4D42C300C7DD0D /* LaunchScreen.xib */; };
		35A22A7F1B4D42C300C7DD0D /* Places_of_InterestTests.swift in Sources */ = {isa = PBXBuildFile; fileRef = 35A22A7E1B4D42C300C7DD0D /* Places_of_InterestTests.swift */; };
		35A22A891B4D475E00C7DD0D /* Media.xcassets in Resources */ = {isa = PBXBuildFile; fileRef = 35A22A881B4D475E00C7DD0D /* Media.xcassets */; };
/* End PBXBuildFile section */

/* Begin PBXContainerItemProxy section */
		35A22A791B4D42C300C7DD0D /* PBXContainerItemProxy */ = {
			isa = PBXContainerItemProxy;
			containerPortal = 35A22A581B4D42C300C7DD0D /* Project object */;
			proxyType = 1;
			remoteGlobalIDString = 35A22A5F1B4D42C300C7DD0D;
			remoteInfo = "Places of Interest";
		};
/* End PBXContainerItemProxy section */

/* Begin PBXFileReference section */
		35A22A601B4D42C300C7DD0D /* Places of Interest.app */ = {isa = PBXFileReference; explicitFileType = wrapper.application; includeInIndex = 0; path = "Places of Interest.app"; sourceTree = BUILT_PRODUCTS_DIR; };
		35A22A641B4D42C300C7DD0D /* Info.plist */ = {isa = PBXFileReference; lastKnownFileType = text.plist.xml; path = Info.plist; sourceTree = "<group>"; };
		35A22A651B4D42C300C7DD0D /* AppDelegate.swift */ = {isa = PBXFileReference; lastKnownFileType = sourcecode.swift; path = AppDelegate.swift; sourceTree = "<group>"; };
		35A22A681B4D42C300C7DD0D /* Places_of_Interest.xcdatamodel */ = {isa = PBXFileReference; lastKnownFileType = wrapper.xcdatamodel; path = Places_of_Interest.xcdatamodel; sourceTree = "<group>"; };
		35A22A6A1B4D42C300C7DD0D /* ViewController.swift */ = {isa = PBXFileReference; lastKnownFileType = sourcecode.swift; path = ViewController.swift; sourceTree = "<group>"; };
		35A22A6D1B4D42C300C7DD0D /* Base */ = {isa = PBXFileReference; lastKnownFileType = file.storyboard; name = Base; path = Base.lproj/Main.storyboard; sourceTree = "<group>"; };
		35A22A6F1B4D42C300C7DD0D /* Images.xcassets */ = {isa = PBXFileReference; lastKnownFileType = folder.assetcatalog; path = Images.xcassets; sourceTree = "<group>"; };
		35A22A721B4D42C300C7DD0D /* Base */ = {isa = PBXFileReference; lastKnownFileType = file.xib; name = Base; path = Base.lproj/LaunchScreen.xib; sourceTree = "<group>"; };
		35A22A781B4D42C300C7DD0D /* Places of InterestTests.xctest */ = {isa = PBXFileReference; explicitFileType = wrapper.cfbundle; includeInIndex = 0; path = "Places of InterestTests.xctest"; sourceTree = BUILT_PRODUCTS_DIR; };
		35A22A7D1B4D42C300C7DD0D /* Info.plist */ = {isa = PBXFileReference; lastKnownFileType = text.plist.xml; path = Info.plist; sourceTree = "<group>"; };
		35A22A7E1B4D42C300C7DD0D /* Places_of_InterestTests.swift */ = {isa = PBXFileReference; lastKnownFileType = sourcecode.swift; path = Places_of_InterestTests.swift; sourceTree = "<group>"; };
		35A22A881B4D475E00C7DD0D /* Media.xcassets */ = {isa = PBXFileReference; lastKnownFileType = folder.assetcatalog; path = Media.xcassets; sourceTree = "<group>"; };
/* End PBXFileReference section */

/* Begin PBXFrameworksBuildPhase section */
		35A22A5D1B4D42C300C7DD0D /* Frameworks */ = {
			isa = PBXFrameworksBuildPhase;
			buildActionMask = 2147483647;
			files = (
			);
			runOnlyForDeploymentPostprocessing = 0;
		};
		35A22A751B4D42C300C7DD0D /* Frameworks */ = {
			isa = PBXFrameworksBuildPhase;
			buildActionMask = 2147483647;
			files = (
			);
			runOnlyForDeploymentPostprocessing = 0;
		};
/* End PBXFrameworksBuildPhase section */

/* Begin PBXGroup section */
		35A22A571B4D42C300C7DD0D = {
			isa = PBXGroup;
			children = (
				35A22A621B4D42C300C7DD0D /* Places of Interest */,
				35A22A7B1B4D42C300C7DD0D /* Places of InterestTests */,
				35A22A611B4D42C300C7DD0D /* Products */,
			);
			sourceTree = "<group>";
		};
		35A22A611B4D42C300C7DD0D /* Products */ = {
			isa = PBXGroup;
			children = (
				35A22A601B4D42C300C7DD0D /* Places of Interest.app */,
				35A22A781B4D42C300C7DD0D /* Places of InterestTests.xctest */,
			);
			name = Products;
			sourceTree = "<group>";
		};
		35A22A621B4D42C300C7DD0D /* Places of Interest */ = {
			isa = PBXGroup;
			children = (
				35A22A651B4D42C300C7DD0D /* AppDelegate.swift */,
				35A22A6A1B4D42C300C7DD0D /* ViewController.swift */,
				35A22A6C1B4D42C300C7DD0D /* Main.storyboard */,
				35A22A6F1B4D42C300C7DD0D /* Images.xcassets */,
				35A22A881B4D475E00C7DD0D /* Media.xcassets */,
				35A22A711B4D42C300C7DD0D /* LaunchScreen.xib */,
				35A22A671B4D42C300C7DD0D /* Places_of_Interest.xcdatamodeld */,
				35A22A631B4D42C300C7DD0D /* Supporting Files */,
			);
			path = "Places of Interest";
			sourceTree = "<group>";
		};
		35A22A631B4D42C300C7DD0D /* Supporting Files */ = {
			isa = PBXGroup;
			children = (
				35A22A641B4D42C300C7DD0D /* Info.plist */,
			);
			name = "Supporting Files";
			sourceTree = "<group>";
		};
		35A22A7B1B4D42C300C7DD0D /* Places of InterestTests */ = {
			isa = PBXGroup;
			children = (
				35A22A7E1B4D42C300C7DD0D /* Places_of_InterestTests.swift */,
				35A22A7C1B4D42C300C7DD0D /* Supporting Files */,
			);
			path = "Places of InterestTests";
			sourceTree = "<group>";
		};
		35A22A7C1B4D42C300C7DD0D /* Supporting Files */ = {
			isa = PBXGroup;
			children = (
				35A22A7D1B4D42C300C7DD0D /* Info.plist */,
			);
			name = "Supporting Files";
			sourceTree = "<group>";
		};
/* End PBXGroup section */

/* Begin PBXNativeTarget section */
		35A22A5F1B4D42C300C7DD0D /* Places of Interest */ = {
			isa = PBXNativeTarget;
			buildConfigurationList = 35A22A821B4D42C300C7DD0D /* Build configuration list for PBXNativeTarget "Places of Interest" */;
			buildPhases = (
				35A22A5C1B4D42C300C7DD0D /* Sources */,
				35A22A5D1B4D42C300C7DD0D /* Frameworks */,
				35A22A5E1B4D42C300C7DD0D /* Resources */,
			);
			buildRules = (
			);
			dependencies = (
			);
			name = "Places of Interest";
			productName = "Places of Interest";
			productReference = 35A22A601B4D42C300C7DD0D /* Places of Interest.app */;
			productType = "com.apple.product-type.application";
		};
		35A22A771B4D42C300C7DD0D /* Places of InterestTests */ = {
			isa = PBXNativeTarget;
			buildConfigurationList = 35A22A851B4D42C300C7DD0D /* Build configuration list for PBXNativeTarget "Places of InterestTests" */;
			buildPhases = (
				35A22A741B4D42C300C7DD0D /* Sources */,
				35A22A751B4D42C300C7DD0D /* Frameworks */,
				35A22A761B4D42C300C7DD0D /* Resources */,
			);
			buildRules = (
			);
			dependencies = (
				35A22A7A1B4D42C300C7DD0D /* PBXTargetDependency */,
			);
			name = "Places of InterestTests";
			productName = "Places of InterestTests";
			productReference = 35A22A781B4D42C300C7DD0D /* Places of InterestTests.xctest */;
			productType = "com.apple.product-type.bundle.unit-test";
		};
/* End PBXNativeTarget section */

/* Begin PBXProject section */
		35A22A581B4D42C300C7DD0D /* Project object */ = {
			isa = PBXProject;
			attributes = {
				LastUpgradeCheck = 0630;
				ORGANIZATIONNAME = "Leon Baird";
				TargetAttributes = {
					35A22A5F1B4D42C300C7DD0D = {
						CreatedOnToolsVersion = 6.3.2;
					};
					35A22A771B4D42C300C7DD0D = {
						CreatedOnToolsVersion = 6.3.2;
						TestTargetID = 35A22A5F1B4D42C300C7DD0D;
					};
				};
			};
			buildConfigurationList = 35A22A5B1B4D42C300C7DD0D /* Build configuration list for PBXProject "Places of Interest" */;
			compatibilityVersion = "Xcode 3.2";
			developmentRegion = English;
			hasScannedForEncodings = 0;
			knownRegions = (
				en,
				Base,
			);
			mainGroup = 35A22A571B4D42C300C7DD0D;
			productRefGroup = 35A22A611B4D42C300C7DD0D /* Products */;
			projectDirPath = "";
			projectRoot = "";
			targets = (
				35A22A5F1B4D42C300C7DD0D /* Places of Interest */,
				35A22A771B4D42C300C7DD0D /* Places of InterestTests */,
			);
		};
/* End PBXProject section */

/* Begin PBXResourcesBuildPhase section */
		35A22A5E1B4D42C300C7DD0D /* Resources */ = {
			isa = PBXResourcesBuildPhase;
			buildActionMask = 2147483647;
			files = (
				35A22A6E1B4D42C300C7DD0D /* Main.storyboard in Resources */,
				35A22A731B4D42C300C7DD0D /* LaunchScreen.xib in Resources */,
				35A22A891B4D475E00C7DD0D /* Media.xcassets in Resources */,
				35A22A701B4D42C300C7DD0D /* Images.xcassets in Resources */,
			);
			runOnlyForDeploymentPostprocessing = 0;
		};
		35A22A761B4D42C300C7DD0D /* Resources */ = {
			isa = PBXResourcesBuildPhase;
			buildActionMask = 2147483647;
			files = (
			);
			runOnlyForDeploymentPostprocessing = 0;
		};
/* End PBXResourcesBuildPhase section */

/* Begin PBXSourcesBuildPhase section */
		35A22A5C1B4D42C300C7DD0D /* Sources */ = {
			isa = PBXSourcesBuildPhase;
			buildActionMask = 2147483647;
			files = (
				35A22A6B1B4D42C300C7DD0D /* ViewController.swift in Sources */,
				35A22A691B4D42C300C7DD0D /* Places_of_Interest.xcdatamodeld in Sources */,
				35A22A661B4D42C300C7DD0D /* AppDelegate.swift in Sources */,
			);
			runOnlyForDeploymentPostprocessing = 0;
		};
		35A22A741B4D42C300C7DD0D /* Sources */ = {
			isa = PBXSourcesBuildPhase;
			buildActionMask = 2147483647;
			files = (
				35A22A7F1B4D42C300C7DD0D /* Places_of_InterestTests.swift in Sources */,
			);
			runOnlyForDeploymentPostprocessing = 0;
		};
/* End PBXSourcesBuildPhase section */

/* Begin PBXTargetDependency section */
		35A22A7A1B4D42C300C7DD0D /* PBXTargetDependency */ = {
			isa = PBXTargetDependency;
			target = 35A22A5F1B4D42C300C7DD0D /* Places of Interest */;
			targetProxy = 35A22A791B4D42C300C7DD0D /* PBXContainerItemProxy */;
		};
/* End PBXTargetDependency section */

/* Begin PBXVariantGroup section */
		35A22A6C1B4D42C300C7DD0D /* Main.storyboard */ = {
			isa = PBXVariantGroup;
			children = (
				35A22A6D1B4D42C300C7DD0D /* Base */,
			);
			name = Main.storyboard;
			sourceTree = "<group>";
		};
		35A22A711B4D42C300C7DD0D /* LaunchScreen.xib */ = {
			isa = PBXVariantGroup;
			children = (
				35A22A721B4D42C300C7DD0D /* Base */,
			);
			name = LaunchScreen.xib;
			sourceTree = "<group>";
		};
/* End PBXVariantGroup section */

/* Begin XCBuildConfiguration section */
		35A22A801B4D42C300C7DD0D /* Debug */ = {
			isa = XCBuildConfiguration;
			buildSettings = {
				ALWAYS_SEARCH_USER_PATHS = NO;
				CLANG_CXX_LANGUAGE_STANDARD = "gnu++0x";
				CLANG_CXX_LIBRARY = "libc++";
				CLANG_ENABLE_MODULES = YES;
				CLANG_ENABLE_OBJC_ARC = YES;
				CLANG_WARN_BOOL_CONVERSION = YES;
				CLANG_WARN_CONSTANT_CONVERSION = YES;
				CLANG_WARN_DIRECT_OBJC_ISA_USAGE = YES_ERROR;
				CLANG_WARN_EMPTY_BODY = YES;
				CLANG_WARN_ENUM_CONVERSION = YES;
				CLANG_WARN_INT_CONVERSION = YES;
				CLANG_WARN_OBJC_ROOT_CLASS = YES_ERROR;
				CLANG_WARN_UNREACHABLE_CODE = YES;
				CLANG_WARN__DUPLICATE_METHOD_MATCH = YES;
				"CODE_SIGN_IDENTITY[sdk=iphoneos*]" = "iPhone Developer";
				COPY_PHASE_STRIP = NO;
				DEBUG_INFORMATION_FORMAT = "dwarf-with-dsym";
				ENABLE_STRICT_OBJC_MSGSEND = YES;
				GCC_C_LANGUAGE_STANDARD = gnu99;
				GCC_DYNAMIC_NO_PIC = NO;
				GCC_NO_COMMON_BLOCKS = YES;
				GCC_OPTIMIZATION_LEVEL = 0;
				GCC_PREPROCESSOR_DEFINITIONS = (
					"DEBUG=1",
					"$(inherited)",
				);
				GCC_SYMBOLS_PRIVATE_EXTERN = NO;
				GCC_WARN_64_TO_32_BIT_CONVERSION = YES;
				GCC_WARN_ABOUT_RETURN_TYPE = YES_ERROR;
				GCC_WARN_UNDECLARED_SELECTOR = YES;
				GCC_WARN_UNINITIALIZED_AUTOS = YES_AGGRESSIVE;
				GCC_WARN_UNUSED_FUNCTION = YES;
				GCC_WARN_UNUSED_VARIABLE = YES;
				IPHONEOS_DEPLOYMENT_TARGET = 8.3;
				MTL_ENABLE_DEBUG_INFO = YES;
				ONLY_ACTIVE_ARCH = YES;
				SDKROOT = iphoneos;
				SWIFT_OPTIMIZATION_LEVEL = "-Onone";
				TARGETED_DEVICE_FAMILY = "1,2";
			};
			name = Debug;
		};
		35A22A811B4D42C300C7DD0D /* Release */ = {
			isa = XCBuildConfiguration;
			buildSettings = {
				ALWAYS_SEARCH_USER_PATHS = NO;
				CLANG_CXX_LANGUAGE_STANDARD = "gnu++0x";
				CLANG_CXX_LIBRARY = "libc++";
				CLANG_ENABLE_MODULES = YES;
				CLANG_ENABLE_OBJC_ARC = YES;
				CLANG_WARN_BOOL_CONVERSION = YES;
				CLANG_WARN_CONSTANT_CONVERSION = YES;
				CLANG_WARN_DIRECT_OBJC_ISA_USAGE = YES_ERROR;
				CLANG_WARN_EMPTY_BODY = YES;
				CLANG_WARN_ENUM_CONVERSION = YES;
				CLANG_WARN_INT_CONVERSION = YES;
				CLANG_WARN_OBJC_ROOT_CLASS = YES_ERROR;
				CLANG_WARN_UNREACHABLE_CODE = YES;
				CLANG_WARN__DUPLICATE_METHOD_MATCH = YES;
				"CODE_SIGN_IDENTITY[sdk=iphoneos*]" = "iPhone Developer";
				COPY_PHASE_STRIP = NO;
				DEBUG_INFORMATION_FORMAT = "dwarf-with-dsym";
				ENABLE_NS_ASSERTIONS = NO;
				ENABLE_STRICT_OBJC_MSGSEND = YES;
				GCC_C_LANGUAGE_STANDARD = gnu99;
				GCC_NO_COMMON_BLOCKS = YES;
				GCC_WARN_64_TO_32_BIT_CONVERSION = YES;
				GCC_WARN_ABOUT_RETURN_TYPE = YES_ERROR;
				GCC_WARN_UNDECLARED_SELECTOR = YES;
				GCC_WARN_UNINITIALIZED_AUTOS = YES_AGGRESSIVE;
				GCC_WARN_UNUSED_FUNCTION = YES;
				GCC_WARN_UNUSED_VARIABLE = YES;
				IPHONEOS_DEPLOYMENT_TARGET = 8.3;
				MTL_ENABLE_DEBUG_INFO = NO;
				SDKROOT = iphoneos;
				TARGETED_DEVICE_FAMILY = "1,2";
				VALIDATE_PRODUCT = YES;
			};
			name = Release;
		};
		35A22A831B4D42C300C7DD0D /* Debug */ = {
			isa = XCBuildConfiguration;
			buildSettings = {
				ASSETCATALOG_COMPILER_APPICON_NAME = AppIcon;
				INFOPLIST_FILE = "Places of Interest/Info.plist";
				LD_RUNPATH_SEARCH_PATHS = "$(inherited) @executable_path/Frameworks";
				PRODUCT_NAME = "$(TARGET_NAME)";
			};
			name = Debug;
		};
		35A22A841B4D42C300C7DD0D /* Release */ = {
			isa = XCBuildConfiguration;
			buildSettings = {
				ASSETCATALOG_COMPILER_APPICON_NAME = AppIcon;
				INFOPLIST_FILE = "Places of Interest/Info.plist";
				LD_RUNPATH_SEARCH_PATHS = "$(inherited) @executable_path/Frameworks";
				PRODUCT_NAME = "$(TARGET_NAME)";
			};
			name = Release;
		};
		35A22A861B4D42C300C7DD0D /* Debug */ = {
			isa = XCBuildConfiguration;
			buildSettings = {
				BUNDLE_LOADER = "$(TEST_HOST)";
				FRAMEWORK_SEARCH_PATHS = (
					"$(SDKROOT)/Developer/Library/Frameworks",
					"$(inherited)",
				);
				GCC_PREPROCESSOR_DEFINITIONS = (
					"DEBUG=1",
					"$(inherited)",
				);
				INFOPLIST_FILE = "Places of InterestTests/Info.plist";
				LD_RUNPATH_SEARCH_PATHS = "$(inherited) @executable_path/Frameworks @loader_path/Frameworks";
				PRODUCT_NAME = "$(TARGET_NAME)";
				TEST_HOST = "$(BUILT_PRODUCTS_DIR)/Places of Interest.app/Places of Interest";
			};
			name = Debug;
		};
		35A22A871B4D42C300C7DD0D /* Release */ = {
			isa = XCBuildConfiguration;
			buildSettings = {
				BUNDLE_LOADER = "$(TEST_HOST)";
				FRAMEWORK_SEARCH_PATHS = (
					"$(SDKROOT)/Developer/Library/Frameworks",
					"$(inherited)",
				);
				INFOPLIST_FILE = "Places of InterestTests/Info.plist";
				LD_RUNPATH_SEARCH_PATHS = "$(inherited) @executable_path/Frameworks @loader_path/Frameworks";
				PRODUCT_NAME = "$(TARGET_NAME)";
				TEST_HOST = "$(BUILT_PRODUCTS_DIR)/Places of Interest.app/Places of Interest";
			};
			name = Release;
		};
/* End XCBuildConfiguration section */

/* Begin XCConfigurationList section */
		35A22A5B1B4D42C300C7DD0D /* Build configuration list for PBXProject "Places of Interest" */ = {
			isa = XCConfigurationList;
			buildConfigurations = (
				35A22A801B4D42C300C7DD0D /* Debug */,
				35A22A811B4D42C300C7DD0D /* Release */,
			);
			defaultConfigurationIsVisible = 0;
			defaultConfigurationName = Release;
		};
		35A22A821B4D42C300C7DD0D /* Build configuration list for PBXNativeTarget "Places of Interest" */ = {
			isa = XCConfigurationList;
			buildConfigurations = (
				35A22A831B4D42C300C7DD0D /* Debug */,
				35A22A841B4D42C300C7DD0D /* Release */,
			);
			defaultConfigurationIsVisible = 0;
		};
		35A22A851B4D42C300C7DD0D /* Build configuration list for PBXNativeTarget "Places of InterestTests" */ = {
			isa = XCConfigurationList;
			buildConfigurations = (
				35A22A861B4D42C300C7DD0D /* Debug */,
				35A22A871B4D42C300C7DD0D /* Release */,
			);
			defaultConfigurationIsVisible = 0;
		};
/* End XCConfigurationList section */

/* Begin XCVersionGroup section */
		35A22A671B4D42C300C7DD0D /* Places_of_Interest.xcdatamodeld */ = {
			isa = XCVersionGroup;
			children = (
				35A22A681B4D42C300C7DD0D /* Places_of_Interest.xcdatamodel */,
			);
			currentVersion = 35A22A681B4D42C300C7DD0D /* Places_of_Interest.xcdatamodel */;
			path = Places_of_Interest.xcdatamodeld;
			sourceTree = "<group>";
			versionGroupType = wrapper.xcdatamodel;
		};
/* End XCVersionGroup section */
	};
	rootObject = 35A22A581B4D42C300C7DD0D /* Project object */;
}
